
Microsoft Visual Studio Solution File, Format Version 12.00
# Visual Studio Version 16
VisualStudioVersion = 16.0.29519.87
MinimumVisualStudioVersion = 10.0.40219.1
Project("{2150E333-8FDC-42A3-9474-1A3956D46DE8}") = "1-IoC-1-依赖倒置", "1-IoC-1-依赖倒置", "{B2B2B9B3-BC8A-454A-9903-F005DEC7B145}"
EndProject
Project("{9A19103F-16F7-4668-BE54-9A1E7A4F7556}") = "IoC.AspNetCore.DIP", "IoC.AspNetCore.DIP\IoC.AspNetCore.DIP.csproj", "{BC83706C-5EA5-4DF3-9C93-CD0B3081EDB1}"
EndProject
Project("{9A19103F-16F7-4668-BE54-9A1E7A4F7556}") = "IoC.AspNetCore.BLL", "IoC.AspNetCore.BLL\IoC.AspNetCore.BLL.csproj", "{66B18E45-684E-4925-90E2-315478ADDBED}"
EndProject
Project("{9A19103F-16F7-4668-BE54-9A1E7A4F7556}") = "IoC.AspNetCore.DAL", "IoC.AspNetCore.DAL\IoC.AspNetCore.DAL.csproj", "{F78C2F77-2510-4D7D-B36E-13D2144E260C}"
EndProject
Project("{9A19103F-16F7-4668-BE54-9A1E7A4F7556}") = "IoC.AspNetCore.IBLL", "IoC.AspNetCore.IBLL\IoC.AspNetCore.IBLL.csproj", "{9B20AF3E-A5C7-4BA7-A62E-727CC50B18D1}"
EndProject
Project("{9A19103F-16F7-4668-BE54-9A1E7A4F7556}") = "IoC.AspNetCore.IDAL", "IoC.AspNetCore.IDAL\IoC.AspNetCore.IDAL.csproj", "{13333B4C-FB18-4B31-9C53-173C9E2325B1}"
EndProject
Project("{9A19103F-16F7-4668-BE54-9A1E7A4F7556}") = "IoC.AspNetCore.Factory", "IoC.AspNetCore.Factory\IoC.AspNetCore.Factory.csproj", "{B0085BF2-0BB0-44E0-B1F6-70FC73C3FB03}"
EndProject
Project("{2150E333-8FDC-42A3-9474-1A3956D46DE8}") = "1-IoC-2-Autofac", "1-IoC-2-Autofac", "{B8438CAC-289D-49CE-B61D-BD0E3F838467}"
EndProject
Project("{9A19103F-16F7-4668-BE54-9A1E7A4F7556}") = "IoC.AspNetCore.Autofac", "IoC.AspNetCore.Autofac\IoC.AspNetCore.Autofac.csproj", "{A6CD0318-A9FA-49C1-B0F2-A830756B08D9}"
EndProject
Project("{9A19103F-16F7-4668-BE54-9A1E7A4F7556}") = "IoC.AspNetCore.Interface", "IoC.AspNetCore.Interface\IoC.AspNetCore.Interface.csproj", "{E1DA467D-9F8D-4B4F-A61D-39DCB623C28F}"
EndProject
Project("{9A19103F-16F7-4668-BE54-9A1E7A4F7556}") = "IoC.AspNetCore.Services", "IoC.AspNetCore.Services\IoC.AspNetCore.Services.csproj", "{49E0E862-3EC0-4461-911F-DAE5FE3736D0}"
EndProject
Project("{FAE04EC0-301F-11D3-BF4B-00C04F79EFBC}") = "IoC.AspNetCore.Common", "IoC.AspNetCore.Common\IoC.AspNetCore.Common.csproj", "{8F9CD434-96D6-4B06-86F9-F49949E031FF}"
EndProject
Global
	GlobalSection(SolutionConfigurationPlatforms) = preSolution
		Debug|Any CPU = Debug|Any CPU
		Release|Any CPU = Release|Any CPU
	EndGlobalSection
	GlobalSection(ProjectConfigurationPlatforms) = postSolution
		{BC83706C-5EA5-4DF3-9C93-CD0B3081EDB1}.Debug|Any CPU.ActiveCfg = Debug|Any CPU
		{BC83706C-5EA5-4DF3-9C93-CD0B3081EDB1}.Debug|Any CPU.Build.0 = Debug|Any CPU
		{BC83706C-5EA5-4DF3-9C93-CD0B3081EDB1}.Release|Any CPU.ActiveCfg = Release|Any CPU
		{BC83706C-5EA5-4DF3-9C93-CD0B3081EDB1}.Release|Any CPU.Build.0 = Release|Any CPU
		{66B18E45-684E-4925-90E2-315478ADDBED}.Debug|Any CPU.ActiveCfg = Debug|Any CPU
		{66B18E45-684E-4925-90E2-315478ADDBED}.Debug|Any CPU.Build.0 = Debug|Any CPU
		{66B18E45-684E-4925-90E2-315478ADDBED}.Release|Any CPU.ActiveCfg = Release|Any CPU
		{66B18E45-684E-4925-90E2-315478ADDBED}.Release|Any CPU.Build.0 = Release|Any CPU
		{F78C2F77-2510-4D7D-B36E-13D2144E260C}.Debug|Any CPU.ActiveCfg = Debug|Any CPU
		{F78C2F77-2510-4D7D-B36E-13D2144E260C}.Debug|Any CPU.Build.0 = Debug|Any CPU
		{F78C2F77-2510-4D7D-B36E-13D2144E260C}.Release|Any CPU.ActiveCfg = Release|Any CPU
		{F78C2F77-2510-4D7D-B36E-13D2144E260C}.Release|Any CPU.Build.0 = Release|Any CPU
		{9B20AF3E-A5C7-4BA7-A62E-727CC50B18D1}.Debug|Any CPU.ActiveCfg = Debug|Any CPU
		{9B20AF3E-A5C7-4BA7-A62E-727CC50B18D1}.Debug|Any CPU.Build.0 = Debug|Any CPU
		{9B20AF3E-A5C7-4BA7-A62E-727CC50B18D1}.Release|Any CPU.ActiveCfg = Release|Any CPU
		{9B20AF3E-A5C7-4BA7-A62E-727CC50B18D1}.Release|Any CPU.Build.0 = Release|Any CPU
		{13333B4C-FB18-4B31-9C53-173C9E2325B1}.Debug|Any CPU.ActiveCfg = Debug|Any CPU
		{13333B4C-FB18-4B31-9C53-173C9E2325B1}.Debug|Any CPU.Build.0 = Debug|Any CPU
		{13333B4C-FB18-4B31-9C53-173C9E2325B1}.Release|Any CPU.ActiveCfg = Release|Any CPU
		{13333B4C-FB18-4B31-9C53-173C9E2325B1}.Release|Any CPU.Build.0 = Release|Any CPU
		{B0085BF2-0BB0-44E0-B1F6-70FC73C3FB03}.Debug|Any CPU.ActiveCfg = Debug|Any CPU
		{B0085BF2-0BB0-44E0-B1F6-70FC73C3FB03}.Debug|Any CPU.Build.0 = Debug|Any CPU
		{B0085BF2-0BB0-44E0-B1F6-70FC73C3FB03}.Release|Any CPU.ActiveCfg = Release|Any CPU
		{B0085BF2-0BB0-44E0-B1F6-70FC73C3FB03}.Release|Any CPU.Build.0 = Release|Any CPU
		{A6CD0318-A9FA-49C1-B0F2-A830756B08D9}.Debug|Any CPU.ActiveCfg = Debug|Any CPU
		{A6CD0318-A9FA-49C1-B0F2-A830756B08D9}.Debug|Any CPU.Build.0 = Debug|Any CPU
		{A6CD0318-A9FA-49C1-B0F2-A830756B08D9}.Release|Any CPU.ActiveCfg = Release|Any CPU
		{A6CD0318-A9FA-49C1-B0F2-A830756B08D9}.Release|Any CPU.Build.0 = Release|Any CPU
		{E1DA467D-9F8D-4B4F-A61D-39DCB623C28F}.Debug|Any CPU.ActiveCfg = Debug|Any CPU
		{E1DA467D-9F8D-4B4F-A61D-39DCB623C28F}.Debug|Any CPU.Build.0 = Debug|Any CPU
		{E1DA467D-9F8D-4B4F-A61D-39DCB623C28F}.Release|Any CPU.ActiveCfg = Release|Any CPU
		{E1DA467D-9F8D-4B4F-A61D-39DCB623C28F}.Release|Any CPU.Build.0 = Release|Any CPU
		{49E0E862-3EC0-4461-911F-DAE5FE3736D0}.Debug|Any CPU.ActiveCfg = Debug|Any CPU
		{49E0E862-3EC0-4461-911F-DAE5FE3736D0}.Debug|Any CPU.Build.0 = Debug|Any CPU
		{49E0E862-3EC0-4461-911F-DAE5FE3736D0}.Release|Any CPU.ActiveCfg = Release|Any CPU
		{49E0E862-3EC0-4461-911F-DAE5FE3736D0}.Release|Any CPU.Build.0 = Release|Any CPU
		{8F9CD434-96D6-4B06-86F9-F49949E031FF}.Debug|Any CPU.ActiveCfg = Debug|Any CPU
		{8F9CD434-96D6-4B06-86F9-F49949E031FF}.Debug|Any CPU.Build.0 = Debug|Any CPU
		{8F9CD434-96D6-4B06-86F9-F49949E031FF}.Release|Any CPU.ActiveCfg = Release|Any CPU
		{8F9CD434-96D6-4B06-86F9-F49949E031FF}.Release|Any CPU.Build.0 = Release|Any CPU
	EndGlobalSection
	GlobalSection(SolutionProperties) = preSolution
		HideSolutionNode = FALSE
	EndGlobalSection
	GlobalSection(NestedProjects) = preSolution
		{BC83706C-5EA5-4DF3-9C93-CD0B3081EDB1} = {B2B2B9B3-BC8A-454A-9903-F005DEC7B145}
		{66B18E45-684E-4925-90E2-315478ADDBED} = {B2B2B9B3-BC8A-454A-9903-F005DEC7B145}
		{F78C2F77-2510-4D7D-B36E-13D2144E260C} = {B2B2B9B3-BC8A-454A-9903-F005DEC7B145}
		{9B20AF3E-A5C7-4BA7-A62E-727CC50B18D1} = {B2B2B9B3-BC8A-454A-9903-F005DEC7B145}
		{13333B4C-FB18-4B31-9C53-173C9E2325B1} = {B2B2B9B3-BC8A-454A-9903-F005DEC7B145}
		{B0085BF2-0BB0-44E0-B1F6-70FC73C3FB03} = {B2B2B9B3-BC8A-454A-9903-F005DEC7B145}
		{A6CD0318-A9FA-49C1-B0F2-A830756B08D9} = {B8438CAC-289D-49CE-B61D-BD0E3F838467}
		{E1DA467D-9F8D-4B4F-A61D-39DCB623C28F} = {B8438CAC-289D-49CE-B61D-BD0E3F838467}
		{49E0E862-3EC0-4461-911F-DAE5FE3736D0} = {B8438CAC-289D-49CE-B61D-BD0E3F838467}
		{8F9CD434-96D6-4B06-86F9-F49949E031FF} = {B8438CAC-289D-49CE-B61D-BD0E3F838467}
	EndGlobalSection
	GlobalSection(ExtensibilityGlobals) = postSolution
		SolutionGuid = {4FBD1B3E-ADED-425E-B686-E4A2B1DA6283}
	EndGlobalSection
EndGlobal
