
Microsoft Visual Studio Solution File, Format Version 12.00
# Visual Studio Version 16
VisualStudioVersion = 16.0.29519.87
MinimumVisualStudioVersion = 10.0.40219.1
Project("{2150E333-8FDC-42A3-9474-1A3956D46DE8}") = "1-IoC-1", "1-IoC-1", "{B2B2B9B3-BC8A-454A-9903-F005DEC7B145}"
EndProject
Project("{FAE04EC0-301F-11D3-BF4B-00C04F79EFBC}") = "IoC.AspNetCore.DIP", "IoC.AspNetCore.DIP\IoC.AspNetCore.DIP.csproj", "{BC83706C-5EA5-4DF3-9C93-CD0B3081EDB1}"
EndProject
Project("{FAE04EC0-301F-11D3-BF4B-00C04F79EFBC}") = "IoC.AspNetCore.BLL", "IoC.AspNetCore.BLL\IoC.AspNetCore.BLL.csproj", "{66B18E45-684E-4925-90E2-315478ADDBED}"
EndProject
Project("{FAE04EC0-301F-11D3-BF4B-00C04F79EFBC}") = "IoC.AspNetCore.DAL", "IoC.AspNetCore.DAL\IoC.AspNetCore.DAL.csproj", "{F78C2F77-2510-4D7D-B36E-13D2144E260C}"
EndProject
Project("{FAE04EC0-301F-11D3-BF4B-00C04F79EFBC}") = "IoC.AspNetCore.IBLL", "IoC.AspNetCore.IBLL\IoC.AspNetCore.IBLL.csproj", "{9B20AF3E-A5C7-4BA7-A62E-727CC50B18D1}"
EndProject
Project("{FAE04EC0-301F-11D3-BF4B-00C04F79EFBC}") = "IoC.AspNetCore.IDAL", "IoC.AspNetCore.IDAL\IoC.AspNetCore.IDAL.csproj", "{13333B4C-FB18-4B31-9C53-173C9E2325B1}"
EndProject
Project("{FAE04EC0-301F-11D3-BF4B-00C04F79EFBC}") = "IoC.AspNetCore.Factory", "IoC.AspNetCore.Factory\IoC.AspNetCore.Factory.csproj", "{B0085BF2-0BB0-44E0-B1F6-70FC73C3FB03}"
EndProject
Global
	GlobalSection(SolutionConfigurationPlatforms) = preSolution
		Debug|Any CPU = Debug|Any CPU
		Release|Any CPU = Release|Any CPU
	EndGlobalSection
	GlobalSection(ProjectConfigurationPlatforms) = postSolution
		{BC83706C-5EA5-4DF3-9C93-CD0B3081EDB1}.Debug|Any CPU.ActiveCfg = Debug|Any CPU
		{BC83706C-5EA5-4DF3-9C93-CD0B3081EDB1}.Debug|Any CPU.Build.0 = Debug|Any CPU
		{BC83706C-5EA5-4DF3-9C93-CD0B3081EDB1}.Release|Any CPU.ActiveCfg = Release|Any CPU
		{BC83706C-5EA5-4DF3-9C93-CD0B3081EDB1}.Release|Any CPU.Build.0 = Release|Any CPU
		{66B18E45-684E-4925-90E2-315478ADDBED}.Debug|Any CPU.ActiveCfg = Debug|Any CPU
		{66B18E45-684E-4925-90E2-315478ADDBED}.Debug|Any CPU.Build.0 = Debug|Any CPU
		{66B18E45-684E-4925-90E2-315478ADDBED}.Release|Any CPU.ActiveCfg = Release|Any CPU
		{66B18E45-684E-4925-90E2-315478ADDBED}.Release|Any CPU.Build.0 = Release|Any CPU
		{F78C2F77-2510-4D7D-B36E-13D2144E260C}.Debug|Any CPU.ActiveCfg = Debug|Any CPU
		{F78C2F77-2510-4D7D-B36E-13D2144E260C}.Debug|Any CPU.Build.0 = Debug|Any CPU
		{F78C2F77-2510-4D7D-B36E-13D2144E260C}.Release|Any CPU.ActiveCfg = Release|Any CPU
		{F78C2F77-2510-4D7D-B36E-13D2144E260C}.Release|Any CPU.Build.0 = Release|Any CPU
		{9B20AF3E-A5C7-4BA7-A62E-727CC50B18D1}.Debug|Any CPU.ActiveCfg = Debug|Any CPU
		{9B20AF3E-A5C7-4BA7-A62E-727CC50B18D1}.Debug|Any CPU.Build.0 = Debug|Any CPU
		{9B20AF3E-A5C7-4BA7-A62E-727CC50B18D1}.Release|Any CPU.ActiveCfg = Release|Any CPU
		{9B20AF3E-A5C7-4BA7-A62E-727CC50B18D1}.Release|Any CPU.Build.0 = Release|Any CPU
		{13333B4C-FB18-4B31-9C53-173C9E2325B1}.Debug|Any CPU.ActiveCfg = Debug|Any CPU
		{13333B4C-FB18-4B31-9C53-173C9E2325B1}.Debug|Any CPU.Build.0 = Debug|Any CPU
		{13333B4C-FB18-4B31-9C53-173C9E2325B1}.Release|Any CPU.ActiveCfg = Release|Any CPU
		{13333B4C-FB18-4B31-9C53-173C9E2325B1}.Release|Any CPU.Build.0 = Release|Any CPU
		{B0085BF2-0BB0-44E0-B1F6-70FC73C3FB03}.Debug|Any CPU.ActiveCfg = Debug|Any CPU
		{B0085BF2-0BB0-44E0-B1F6-70FC73C3FB03}.Debug|Any CPU.Build.0 = Debug|Any CPU
		{B0085BF2-0BB0-44E0-B1F6-70FC73C3FB03}.Release|Any CPU.ActiveCfg = Release|Any CPU
		{B0085BF2-0BB0-44E0-B1F6-70FC73C3FB03}.Release|Any CPU.Build.0 = Release|Any CPU
	EndGlobalSection
	GlobalSection(SolutionProperties) = preSolution
		HideSolutionNode = FALSE
	EndGlobalSection
	GlobalSection(NestedProjects) = preSolution
		{BC83706C-5EA5-4DF3-9C93-CD0B3081EDB1} = {B2B2B9B3-BC8A-454A-9903-F005DEC7B145}
		{66B18E45-684E-4925-90E2-315478ADDBED} = {B2B2B9B3-BC8A-454A-9903-F005DEC7B145}
		{F78C2F77-2510-4D7D-B36E-13D2144E260C} = {B2B2B9B3-BC8A-454A-9903-F005DEC7B145}
		{9B20AF3E-A5C7-4BA7-A62E-727CC50B18D1} = {B2B2B9B3-BC8A-454A-9903-F005DEC7B145}
		{13333B4C-FB18-4B31-9C53-173C9E2325B1} = {B2B2B9B3-BC8A-454A-9903-F005DEC7B145}
		{B0085BF2-0BB0-44E0-B1F6-70FC73C3FB03} = {B2B2B9B3-BC8A-454A-9903-F005DEC7B145}
	EndGlobalSection
	GlobalSection(ExtensibilityGlobals) = postSolution
		SolutionGuid = {4FBD1B3E-ADED-425E-B686-E4A2B1DA6283}
	EndGlobalSection
EndGlobal
